schema: '2.0'
stages:
  data_ingestion:
    cmd: python src/data_ingestion.py
    deps:
    - path: src/data_ingestion.py
      hash: md5
      md5: 53ca63281bc4d14f4f278920630efea6
      size: 3650
    params:
      params.yaml:
        data_ingestion.test_size: 0.15
    outs:
    - path: data/raw
      hash: md5
      md5: a15ba66afdf82f8659b031b175286ed3.dir
      size: 484846
      nfiles: 2
  data_preprocessing:
    cmd: python src/data_preprocessing.py
    deps:
    - path: data/raw
      hash: md5
      md5: a15ba66afdf82f8659b031b175286ed3.dir
      size: 484846
      nfiles: 2
    - path: src/data_preprocessing.py
      hash: md5
      md5: a55eddc1354e4c610483d2844f213190
      size: 3691
    outs:
    - path: data/interim
      hash: md5
      md5: 1220ddef7bc973f96208fb573c9b69f2.dir
      size: 241920
      nfiles: 2
  feature_engineering:
    cmd: python src/feature_engineering.py
    deps:
    - path: data/interim
      hash: md5
      md5: 1220ddef7bc973f96208fb573c9b69f2.dir
      size: 241920
      nfiles: 2
    - path: src/feature_engineering.py
      hash: md5
      md5: cf8448c21ab5f64a81b288de0c331814
      size: 3910
    params:
      params.yaml:
        feature_engineering.max_features: 75
    outs:
    - path: data/processed
      hash: md5
      md5: b45a486e8e16f5419848fa5edd72f2d6.dir
      size: 1733155
      nfiles: 2
  model_building:
    cmd: python src/model_building.py
    deps:
    - path: data/processed
      hash: md5
      md5: b45a486e8e16f5419848fa5edd72f2d6.dir
      size: 1733155
      nfiles: 2
    - path: src/model_building.py
      hash: md5
      md5: f4aea8b9389c4252ddedf29afa9c7195
      size: 4483
    params:
      params.yaml:
        model_building.n_estimators: 30
        model_building.random_state: 2
    outs:
    - path: models/model.pkl
      hash: md5
      md5: 31945ffcb281c96474039ca70b5690ee
      size: 1510976
  model_evaluation:
    cmd: python src/model_evaluation.py
    deps:
    - path: models/model.pkl
      hash: md5
      md5: 31945ffcb281c96474039ca70b5690ee
      size: 1510976
    - path: src/model_evaluation.py
      hash: md5
      md5: 5847298397b66bd4835d119d1a0940b0
      size: 4659
    outs:
    - path: reports/metrics.json
      hash: md5
      md5: 5b10fb29f26b64fb739bc64fda600e17
      size: 144
